
Microsoft Visual Studio Solution File, Format Version 12.00
# Visual Studio Version 17
VisualStudioVersion = 17.8.34330.188
MinimumVisualStudioVersion = 10.0.40219.1
Project("{2150E333-8FDC-42A3-9474-1A3956D46DE8}") = "Bootstrapper", "Bootstrapper", "{BF07F053-D82A-4878-ACA5-8E55496DB079}"
EndProject
Project("{2150E333-8FDC-42A3-9474-1A3956D46DE8}") = "Modules", "Modules", "{AC35F7DF-39A8-4597-807D-DCBF2B81093B}"
EndProject
Project("{2150E333-8FDC-42A3-9474-1A3956D46DE8}") = "Shared", "Shared", "{65299EED-DAF5-4CA2-8166-8FC73E12FCAB}"
EndProject
Project("{FAE04EC0-301F-11D3-BF4B-00C04F79EFBC}") = "Api", "Bootstrapper\Api\Api.csproj", "{5C635759-C37B-416D-A738-3422BA1F5593}"
EndProject
Project("{2150E333-8FDC-42A3-9474-1A3956D46DE8}") = "Catalog", "Catalog", "{943FE365-50D6-4C70-BE4E-B2E470662FEE}"
EndProject
Project("{2150E333-8FDC-42A3-9474-1A3956D46DE8}") = "Basket", "Basket", "{29579765-27DB-4980-8AD8-812DB1219FFE}"
EndProject
Project("{2150E333-8FDC-42A3-9474-1A3956D46DE8}") = "Ordering", "Ordering", "{9DAB0BD5-5170-4558-BA8D-D442CFC7A769}"
EndProject
Project("{FAE04EC0-301F-11D3-BF4B-00C04F79EFBC}") = "Catalog", "Modules\Catalog\Catalog\Catalog.csproj", "{47A54BD2-2CD1-47E3-A57E-A8565B0DA5BB}"
EndProject
Project("{FAE04EC0-301F-11D3-BF4B-00C04F79EFBC}") = "Basket", "Modules\Basket\Basket\Basket.csproj", "{D6969643-2FF2-455A-A7EF-58B9C32535D6}"
EndProject
Project("{FAE04EC0-301F-11D3-BF4B-00C04F79EFBC}") = "Ordering", "Modules\Ordering\Ordering\Ordering.csproj", "{311C3164-0BA3-465F-B5DF-7610A1D5175D}"
EndProject
Global
	GlobalSection(SolutionConfigurationPlatforms) = preSolution
		Debug|Any CPU = Debug|Any CPU
		Release|Any CPU = Release|Any CPU
	EndGlobalSection
	GlobalSection(ProjectConfigurationPlatforms) = postSolution
		{5C635759-C37B-416D-A738-3422BA1F5593}.Debug|Any CPU.ActiveCfg = Debug|Any CPU
		{5C635759-C37B-416D-A738-3422BA1F5593}.Debug|Any CPU.Build.0 = Debug|Any CPU
		{5C635759-C37B-416D-A738-3422BA1F5593}.Release|Any CPU.ActiveCfg = Release|Any CPU
		{5C635759-C37B-416D-A738-3422BA1F5593}.Release|Any CPU.Build.0 = Release|Any CPU
		{47A54BD2-2CD1-47E3-A57E-A8565B0DA5BB}.Debug|Any CPU.ActiveCfg = Debug|Any CPU
		{47A54BD2-2CD1-47E3-A57E-A8565B0DA5BB}.Debug|Any CPU.Build.0 = Debug|Any CPU
		{47A54BD2-2CD1-47E3-A57E-A8565B0DA5BB}.Release|Any CPU.ActiveCfg = Release|Any CPU
		{47A54BD2-2CD1-47E3-A57E-A8565B0DA5BB}.Release|Any CPU.Build.0 = Release|Any CPU
		{D6969643-2FF2-455A-A7EF-58B9C32535D6}.Debug|Any CPU.ActiveCfg = Debug|Any CPU
		{D6969643-2FF2-455A-A7EF-58B9C32535D6}.Debug|Any CPU.Build.0 = Debug|Any CPU
		{D6969643-2FF2-455A-A7EF-58B9C32535D6}.Release|Any CPU.ActiveCfg = Release|Any CPU
		{D6969643-2FF2-455A-A7EF-58B9C32535D6}.Release|Any CPU.Build.0 = Release|Any CPU
		{311C3164-0BA3-465F-B5DF-7610A1D5175D}.Debug|Any CPU.ActiveCfg = Debug|Any CPU
		{311C3164-0BA3-465F-B5DF-7610A1D5175D}.Debug|Any CPU.Build.0 = Debug|Any CPU
		{311C3164-0BA3-465F-B5DF-7610A1D5175D}.Release|Any CPU.ActiveCfg = Release|Any CPU
		{311C3164-0BA3-465F-B5DF-7610A1D5175D}.Release|Any CPU.Build.0 = Release|Any CPU
	EndGlobalSection
	GlobalSection(SolutionProperties) = preSolution
		HideSolutionNode = FALSE
	EndGlobalSection
	GlobalSection(NestedProjects) = preSolution
		{5C635759-C37B-416D-A738-3422BA1F5593} = {BF07F053-D82A-4878-ACA5-8E55496DB079}
		{943FE365-50D6-4C70-BE4E-B2E470662FEE} = {AC35F7DF-39A8-4597-807D-DCBF2B81093B}
		{29579765-27DB-4980-8AD8-812DB1219FFE} = {AC35F7DF-39A8-4597-807D-DCBF2B81093B}
		{9DAB0BD5-5170-4558-BA8D-D442CFC7A769} = {AC35F7DF-39A8-4597-807D-DCBF2B81093B}
		{47A54BD2-2CD1-47E3-A57E-A8565B0DA5BB} = {943FE365-50D6-4C70-BE4E-B2E470662FEE}
		{D6969643-2FF2-455A-A7EF-58B9C32535D6} = {29579765-27DB-4980-8AD8-812DB1219FFE}
		{311C3164-0BA3-465F-B5DF-7610A1D5175D} = {9DAB0BD5-5170-4558-BA8D-D442CFC7A769}
	EndGlobalSection
	GlobalSection(ExtensibilityGlobals) = postSolution
		SolutionGuid = {F09F5285-62A7-4D05-B7D5-BB964543BD50}
	EndGlobalSection
EndGlobal
