
Microsoft Visual Studio Solution File, Format Version 12.00
# Visual Studio Version 17
VisualStudioVersion = 17.8.34330.188
MinimumVisualStudioVersion = 10.0.40219.1
Project("{2150E333-8FDC-42A3-9474-1A3956D46DE8}") = "Bootstrapper", "Bootstrapper", "{BF07F053-D82A-4878-ACA5-8E55496DB079}"
EndProject
Project("{2150E333-8FDC-42A3-9474-1A3956D46DE8}") = "Modules", "Modules", "{AC35F7DF-39A8-4597-807D-DCBF2B81093B}"
EndProject
Project("{2150E333-8FDC-42A3-9474-1A3956D46DE8}") = "Shared", "Shared", "{65299EED-DAF5-4CA2-8166-8FC73E12FCAB}"
EndProject
Project("{FAE04EC0-301F-11D3-BF4B-00C04F79EFBC}") = "Api", "Bootstrapper\Api\Api.csproj", "{5C635759-C37B-416D-A738-3422BA1F5593}"
EndProject
Global
	GlobalSection(SolutionConfigurationPlatforms) = preSolution
		Debug|Any CPU = Debug|Any CPU
		Release|Any CPU = Release|Any CPU
	EndGlobalSection
	GlobalSection(ProjectConfigurationPlatforms) = postSolution
		{5C635759-C37B-416D-A738-3422BA1F5593}.Debug|Any CPU.ActiveCfg = Debug|Any CPU
		{5C635759-C37B-416D-A738-3422BA1F5593}.Debug|Any CPU.Build.0 = Debug|Any CPU
		{5C635759-C37B-416D-A738-3422BA1F5593}.Release|Any CPU.ActiveCfg = Release|Any CPU
		{5C635759-C37B-416D-A738-3422BA1F5593}.Release|Any CPU.Build.0 = Release|Any CPU
	EndGlobalSection
	GlobalSection(SolutionProperties) = preSolution
		HideSolutionNode = FALSE
	EndGlobalSection
	GlobalSection(NestedProjects) = preSolution
		{5C635759-C37B-416D-A738-3422BA1F5593} = {BF07F053-D82A-4878-ACA5-8E55496DB079}
	EndGlobalSection
	GlobalSection(ExtensibilityGlobals) = postSolution
		SolutionGuid = {F09F5285-62A7-4D05-B7D5-BB964543BD50}
	EndGlobalSection
EndGlobal
